
Microsoft Visual Studio Solution File, Format Version 12.00
# Visual Studio Version 17
VisualStudioVersion = 17.1.32319.34
MinimumVisualStudioVersion = 10.0.40219.1
Project("{FAE04EC0-301F-11D3-BF4B-00C04F79EFBC}") = "AgData", "AgData\AgData.csproj", "{9EC4E0A0-718F-460D-8F32-89E345459EAC}"
EndProject
Project("{FAE04EC0-301F-11D3-BF4B-00C04F79EFBC}") = "AgDataAPI", "AgDataAPI\AgDataAPI.csproj", "{18FEEB80-F8CA-44DA-81D9-4369CF4842A9}"
EndProject
Global
	GlobalSection(SolutionConfigurationPlatforms) = preSolution
		Debug|Any CPU = Debug|Any CPU
		Release|Any CPU = Release|Any CPU
	EndGlobalSection
	GlobalSection(ProjectConfigurationPlatforms) = postSolution
		{9EC4E0A0-718F-460D-8F32-89E345459EAC}.Debug|Any CPU.ActiveCfg = Debug|Any CPU
		{9EC4E0A0-718F-460D-8F32-89E345459EAC}.Debug|Any CPU.Build.0 = Debug|Any CPU
		{9EC4E0A0-718F-460D-8F32-89E345459EAC}.Release|Any CPU.ActiveCfg = Release|Any CPU
		{9EC4E0A0-718F-460D-8F32-89E345459EAC}.Release|Any CPU.Build.0 = Release|Any CPU
		{18FEEB80-F8CA-44DA-81D9-4369CF4842A9}.Debug|Any CPU.ActiveCfg = Debug|Any CPU
		{18FEEB80-F8CA-44DA-81D9-4369CF4842A9}.Debug|Any CPU.Build.0 = Debug|Any CPU
		{18FEEB80-F8CA-44DA-81D9-4369CF4842A9}.Release|Any CPU.ActiveCfg = Release|Any CPU
		{18FEEB80-F8CA-44DA-81D9-4369CF4842A9}.Release|Any CPU.Build.0 = Release|Any CPU
	EndGlobalSection
	GlobalSection(SolutionProperties) = preSolution
		HideSolutionNode = FALSE
	EndGlobalSection
	GlobalSection(ExtensibilityGlobals) = postSolution
		SolutionGuid = {940A629A-2A73-436A-A397-F62D447B8917}
	EndGlobalSection
EndGlobal
